// !$*UTF8*$!
{
	archiveVersion = 1;
	classes = {
	};
	objectVersion = 50;
	objects = {

/* Begin PBXBuildFile section */
		149BE8E722A305380091A1F3 /* AppDelegate.swift in Sources */ = {isa = PBXBuildFile; fileRef = 149BE8E622A305380091A1F3 /* AppDelegate.swift */; };
		149BE8E922A305380091A1F3 /* ImageAnalyzerVC.swift in Sources */ = {isa = PBXBuildFile; fileRef = 149BE8E822A305380091A1F3 /* ImageAnalyzerVC.swift */; };
		149BE8EC22A305380091A1F3 /* Main.storyboard in Resources */ = {isa = PBXBuildFile; fileRef = 149BE8EA22A305380091A1F3 /* Main.storyboard */; };
		149BE8EE22A3053A0091A1F3 /* Assets.xcassets in Resources */ = {isa = PBXBuildFile; fileRef = 149BE8ED22A3053A0091A1F3 /* Assets.xcassets */; };
		149BE8F122A3053A0091A1F3 /* LaunchScreen.storyboard in Resources */ = {isa = PBXBuildFile; fileRef = 149BE8EF22A3053A0091A1F3 /* LaunchScreen.storyboard */; };
		149BE8FB22A30E380091A1F3 /* MobileNet.mlmodel in Sources */ = {isa = PBXBuildFile; fileRef = 149BE8FA22A30E380091A1F3 /* MobileNet.mlmodel */; };
/* End PBXBuildFile section */

/* Begin PBXFileReference section */
		149BE8E322A305380091A1F3 /* Photo Analyzer.app */ = {isa = PBXFileReference; explicitFileType = wrapper.application; includeInIndex = 0; path = "Photo Analyzer.app"; sourceTree = BUILT_PRODUCTS_DIR; };
		149BE8E622A305380091A1F3 /* AppDelegate.swift */ = {isa = PBXFileReference; lastKnownFileType = sourcecode.swift; path = AppDelegate.swift; sourceTree = "<group>"; };
		149BE8E822A305380091A1F3 /* ImageAnalyzerVC.swift */ = {isa = PBXFileReference; lastKnownFileType = sourcecode.swift; path = ImageAnalyzerVC.swift; sourceTree = "<group>"; };
		149BE8EB22A305380091A1F3 /* Base */ = {isa = PBXFileReference; lastKnownFileType = file.storyboard; name = Base; path = Base.lproj/Main.storyboard; sourceTree = "<group>"; };
		149BE8ED22A3053A0091A1F3 /* Assets.xcassets */ = {isa = PBXFileReference; lastKnownFileType = folder.assetcatalog; path = Assets.xcassets; sourceTree = "<group>"; };
		149BE8F022A3053A0091A1F3 /* Base */ = {isa = PBXFileReference; lastKnownFileType = file.storyboard; name = Base; path = Base.lproj/LaunchScreen.storyboard; sourceTree = "<group>"; };
		149BE8F222A3053A0091A1F3 /* Info.plist */ = {isa = PBXFileReference; lastKnownFileType = text.plist.xml; path = Info.plist; sourceTree = "<group>"; };
		149BE8FA22A30E380091A1F3 /* MobileNet.mlmodel */ = {isa = PBXFileReference; lastKnownFileType = file.mlmodel; path = MobileNet.mlmodel; sourceTree = "<group>"; };
/* End PBXFileReference section */

/* Begin PBXFrameworksBuildPhase section */
		149BE8E022A305380091A1F3 /* Frameworks */ = {
			isa = PBXFrameworksBuildPhase;
			buildActionMask = 2147483647;
			files = (
			);
			runOnlyForDeploymentPostprocessing = 0;
		};
/* End PBXFrameworksBuildPhase section */

/* Begin PBXGroup section */
		149BE8DA22A305380091A1F3 = {
			isa = PBXGroup;
			children = (
				149BE8E522A305380091A1F3 /* Photo Analyzer */,
				149BE8E422A305380091A1F3 /* Products */,
			);
			sourceTree = "<group>";
		};
		149BE8E422A305380091A1F3 /* Products */ = {
			isa = PBXGroup;
			children = (
				149BE8E322A305380091A1F3 /* Photo Analyzer.app */,
			);
			name = Products;
			sourceTree = "<group>";
		};
		149BE8E522A305380091A1F3 /* Photo Analyzer */ = {
			isa = PBXGroup;
			children = (
				149BE8E622A305380091A1F3 /* AppDelegate.swift */,
				149BE8F922A30B440091A1F3 /* Resources */,
				149BE8F822A30B310091A1F3 /* Controller */,
				149BE8EA22A305380091A1F3 /* Main.storyboard */,
				149BE8ED22A3053A0091A1F3 /* Assets.xcassets */,
				149BE8EF22A3053A0091A1F3 /* LaunchScreen.storyboard */,
				149BE8F222A3053A0091A1F3 /* Info.plist */,
			);
			path = "Photo Analyzer";
			sourceTree = "<group>";
		};
		149BE8F822A30B310091A1F3 /* Controller */ = {
			isa = PBXGroup;
			children = (
				149BE8E822A305380091A1F3 /* ImageAnalyzerVC.swift */,
			);
			path = Controller;
			sourceTree = "<group>";
		};
		149BE8F922A30B440091A1F3 /* Resources */ = {
			isa = PBXGroup;
			children = (
				149BE8FA22A30E380091A1F3 /* MobileNet.mlmodel */,
			);
			path = Resources;
			sourceTree = "<group>";
		};
/* End PBXGroup section */

/* Begin PBXNativeTarget section */
		149BE8E222A305380091A1F3 /* Photo Analyzer */ = {
			isa = PBXNativeTarget;
			buildConfigurationList = 149BE8F522A3053A0091A1F3 /* Build configuration list for PBXNativeTarget "Photo Analyzer" */;
			buildPhases = (
				149BE8DF22A305380091A1F3 /* Sources */,
				149BE8E022A305380091A1F3 /* Frameworks */,
				149BE8E122A305380091A1F3 /* Resources */,
			);
			buildRules = (
			);
			dependencies = (
			);
			name = "Photo Analyzer";
			productName = "Photo Analyzer";
			productReference = 149BE8E322A305380091A1F3 /* Photo Analyzer.app */;
			productType = "com.apple.product-type.application";
		};
/* End PBXNativeTarget section */

/* Begin PBXProject section */
		149BE8DB22A305380091A1F3 /* Project object */ = {
			isa = PBXProject;
			attributes = {
				LastSwiftUpdateCheck = 1010;
				LastUpgradeCheck = 1010;
				ORGANIZATIONNAME = "Paglinawan Technologies";
				TargetAttributes = {
					149BE8E222A305380091A1F3 = {
						CreatedOnToolsVersion = 10.1;
					};
				};
			};
			buildConfigurationList = 149BE8DE22A305380091A1F3 /* Build configuration list for PBXProject "Photo Analyzer" */;
			compatibilityVersion = "Xcode 9.3";
			developmentRegion = en;
			hasScannedForEncodings = 0;
			knownRegions = (
				en,
				Base,
			);
			mainGroup = 149BE8DA22A305380091A1F3;
			productRefGroup = 149BE8E422A305380091A1F3 /* Products */;
			projectDirPath = "";
			projectRoot = "";
			targets = (
				149BE8E222A305380091A1F3 /* Photo Analyzer */,
			);
		};
/* End PBXProject section */

/* Begin PBXResourcesBuildPhase section */
		149BE8E122A305380091A1F3 /* Resources */ = {
			isa = PBXResourcesBuildPhase;
			buildActionMask = 2147483647;
			files = (
				149BE8F122A3053A0091A1F3 /* LaunchScreen.storyboard in Resources */,
				149BE8EE22A3053A0091A1F3 /* Assets.xcassets in Resources */,
				149BE8EC22A305380091A1F3 /* Main.storyboard in Resources */,
			);
			runOnlyForDeploymentPostprocessing = 0;
		};
/* End PBXResourcesBuildPhase section */

/* Begin PBXSourcesBuildPhase section */
		149BE8DF22A305380091A1F3 /* Sources */ = {
			isa = PBXSourcesBuildPhase;
			buildActionMask = 2147483647;
			files = (
				149BE8E922A305380091A1F3 /* ImageAnalyzerVC.swift in Sources */,
				149BE8E722A305380091A1F3 /* AppDelegate.swift in Sources */,
				149BE8FB22A30E380091A1F3 /* MobileNet.mlmodel in Sources */,
			);
			runOnlyForDeploymentPostprocessing = 0;
		};
/* End PBXSourcesBuildPhase section */

/* Begin PBXVariantGroup section */
		149BE8EA22A305380091A1F3 /* Main.storyboard */ = {
			isa = PBXVariantGroup;
			children = (
				149BE8EB22A305380091A1F3 /* Base */,
			);
			name = Main.storyboard;
			sourceTree = "<group>";
		};
		149BE8EF22A3053A0091A1F3 /* LaunchScreen.storyboard */ = {
			isa = PBXVariantGroup;
			children = (
				149BE8F022A3053A0091A1F3 /* Base */,
			);
			name = LaunchScreen.storyboard;
			sourceTree = "<group>";
		};
/* End PBXVariantGroup section */

/* Begin XCBuildConfiguration section */
		149BE8F322A3053A0091A1F3 /* Debug */ = {
			isa = XCBuildConfiguration;
			buildSettings = {
				ALWAYS_SEARCH_USER_PATHS = NO;
				CLANG_ANALYZER_NONNULL = YES;
				CLANG_ANALYZER_NUMBER_OBJECT_CONVERSION = YES_AGGRESSIVE;
				CLANG_CXX_LANGUAGE_STANDARD = "gnu++14";
				CLANG_CXX_LIBRARY = "libc++";
				CLANG_ENABLE_MODULES = YES;
				CLANG_ENABLE_OBJC_ARC = YES;
				CLANG_ENABLE_OBJC_WEAK = YES;
				CLANG_WARN_BLOCK_CAPTURE_AUTORELEASING = YES;
				CLANG_WARN_BOOL_CONVERSION = YES;
				CLANG_WARN_COMMA = YES;
				CLANG_WARN_CONSTANT_CONVERSION = YES;
				CLANG_WARN_DEPRECATED_OBJC_IMPLEMENTATIONS = YES;
				CLANG_WARN_DIRECT_OBJC_ISA_USAGE = YES_ERROR;
				CLANG_WARN_DOCUMENTATION_COMMENTS = YES;
				CLANG_WARN_EMPTY_BODY = YES;
				CLANG_WARN_ENUM_CONVERSION = YES;
				CLANG_WARN_INFINITE_RECURSION = YES;
				CLANG_WARN_INT_CONVERSION = YES;
				CLANG_WARN_NON_LITERAL_NULL_CONVERSION = YES;
				CLANG_WARN_OBJC_IMPLICIT_RETAIN_SELF = YES;
				CLANG_WARN_OBJC_LITERAL_CONVERSION = YES;
				CLANG_WARN_OBJC_ROOT_CLASS = YES_ERROR;
				CLANG_WARN_RANGE_LOOP_ANALYSIS = YES;
				CLANG_WARN_STRICT_PROTOTYPES = YES;
				CLANG_WARN_SUSPICIOUS_MOVE = YES;
				CLANG_WARN_UNGUARDED_AVAILABILITY = YES_AGGRESSIVE;
				CLANG_WARN_UNREACHABLE_CODE = YES;
				CLANG_WARN__DUPLICATE_METHOD_MATCH = YES;
				CODE_SIGN_IDENTITY = "iPhone Developer";
				COPY_PHASE_STRIP = NO;
				DEBUG_INFORMATION_FORMAT = dwarf;
				ENABLE_STRICT_OBJC_MSGSEND = YES;
				ENABLE_TESTABILITY = YES;
				GCC_C_LANGUAGE_STANDARD = gnu11;
				GCC_DYNAMIC_NO_PIC = NO;
				GCC_NO_COMMON_BLOCKS = YES;
				GCC_OPTIMIZATION_LEVEL = 0;
				GCC_PREPROCESSOR_DEFINITIONS = (
					"DEBUG=1",
					"$(inherited)",
				);
				GCC_WARN_64_TO_32_BIT_CONVERSION = YES;
				GCC_WARN_ABOUT_RETURN_TYPE = YES_ERROR;
				GCC_WARN_UNDECLARED_SELECTOR = YES;
				GCC_WARN_UNINITIALIZED_AUTOS = YES_AGGRESSIVE;
				GCC_WARN_UNUSED_FUNCTION = YES;
				GCC_WARN_UNUSED_VARIABLE = YES;
				IPHONEOS_DEPLOYMENT_TARGET = 12.1;
				MTL_ENABLE_DEBUG_INFO = INCLUDE_SOURCE;
				MTL_FAST_MATH = YES;
				ONLY_ACTIVE_ARCH = YES;
				SDKROOT = iphoneos;
				SWIFT_ACTIVE_COMPILATION_CONDITIONS = DEBUG;
				SWIFT_OPTIMIZATION_LEVEL = "-Onone";
			};
			name = Debug;
		};
		149BE8F422A3053A0091A1F3 /* Release */ = {
			isa = XCBuildConfiguration;
			buildSettings = {
				ALWAYS_SEARCH_USER_PATHS = NO;
				CLANG_ANALYZER_NONNULL = YES;
				CLANG_ANALYZER_NUMBER_OBJECT_CONVERSION = YES_AGGRESSIVE;
				CLANG_CXX_LANGUAGE_STANDARD = "gnu++14";
				CLANG_CXX_LIBRARY = "libc++";
				CLANG_ENABLE_MODULES = YES;
				CLANG_ENABLE_OBJC_ARC = YES;
				CLANG_ENABLE_OBJC_WEAK = YES;
				CLANG_WARN_BLOCK_CAPTURE_AUTORELEASING = YES;
				CLANG_WARN_BOOL_CONVERSION = YES;
				CLANG_WARN_COMMA = YES;
				CLANG_WARN_CONSTANT_CONVERSION = YES;
				CLANG_WARN_DEPRECATED_OBJC_IMPLEMENTATIONS = YES;
				CLANG_WARN_DIRECT_OBJC_ISA_USAGE = YES_ERROR;
				CLANG_WARN_DOCUMENTATION_COMMENTS = YES;
				CLANG_WARN_EMPTY_BODY = YES;
				CLANG_WARN_ENUM_CONVERSION = YES;
				CLANG_WARN_INFINITE_RECURSION = YES;
				CLANG_WARN_INT_CONVERSION = YES;
				CLANG_WARN_NON_LITERAL_NULL_CONVERSION = YES;
				CLANG_WARN_OBJC_IMPLICIT_RETAIN_SELF = YES;
				CLANG_WARN_OBJC_LITERAL_CONVERSION = YES;
				CLANG_WARN_OBJC_ROOT_CLASS = YES_ERROR;
				CLANG_WARN_RANGE_LOOP_ANALYSIS = YES;
				CLANG_WARN_STRICT_PROTOTYPES = YES;
				CLANG_WARN_SUSPICIOUS_MOVE = YES;
				CLANG_WARN_UNGUARDED_AVAILABILITY = YES_AGGRESSIVE;
				CLANG_WARN_UNREACHABLE_CODE = YES;
				CLANG_WARN__DUPLICATE_METHOD_MATCH = YES;
				CODE_SIGN_IDENTITY = "iPhone Developer";
				COPY_PHASE_STRIP = NO;
				DEBUG_INFORMATION_FORMAT = "dwarf-with-dsym";
				ENABLE_NS_ASSERTIONS = NO;
				ENABLE_STRICT_OBJC_MSGSEND = YES;
				GCC_C_LANGUAGE_STANDARD = gnu11;
				GCC_NO_COMMON_BLOCKS = YES;
				GCC_WARN_64_TO_32_BIT_CONVERSION = YES;
				GCC_WARN_ABOUT_RETURN_TYPE = YES_ERROR;
				GCC_WARN_UNDECLARED_SELECTOR = YES;
				GCC_WARN_UNINITIALIZED_AUTOS = YES_AGGRESSIVE;
				GCC_WARN_UNUSED_FUNCTION = YES;
				GCC_WARN_UNUSED_VARIABLE = YES;
				IPHONEOS_DEPLOYMENT_TARGET = 12.1;
				MTL_ENABLE_DEBUG_INFO = NO;
				MTL_FAST_MATH = YES;
				SDKROOT = iphoneos;
				SWIFT_COMPILATION_MODE = wholemodule;
				SWIFT_OPTIMIZATION_LEVEL = "-O";
				VALIDATE_PRODUCT = YES;
			};
			name = Release;
		};
		149BE8F622A3053A0091A1F3 /* Debug */ = {
			isa = XCBuildConfiguration;
			buildSettings = {
				ASSETCATALOG_COMPILER_APPICON_NAME = AppIcon;
				CODE_SIGN_STYLE = Automatic;
				DEVELOPMENT_TEAM = TCES658XLZ;
				INFOPLIST_FILE = "Photo Analyzer/Info.plist";
				LD_RUNPATH_SEARCH_PATHS = (
					"$(inherited)",
					"@executable_path/Frameworks",
				);
				PRODUCT_BUNDLE_IDENTIFIER = "com.paglinawantechnologies.Photo-Analyzer";
				PRODUCT_NAME = "$(TARGET_NAME)";
				SWIFT_VERSION = 4.2;
				TARGETED_DEVICE_FAMILY = "1,2";
			};
			name = Debug;
		};
		149BE8F722A3053A0091A1F3 /* Release */ = {
			isa = XCBuildConfiguration;
			buildSettings = {
				ASSETCATALOG_COMPILER_APPICON_NAME = AppIcon;
				CODE_SIGN_STYLE = Automatic;
				DEVELOPMENT_TEAM = TCES658XLZ;
				INFOPLIST_FILE = "Photo Analyzer/Info.plist";
				LD_RUNPATH_SEARCH_PATHS = (
					"$(inherited)",
					"@executable_path/Frameworks",
				);
				PRODUCT_BUNDLE_IDENTIFIER = "com.paglinawantechnologies.Photo-Analyzer";
				PRODUCT_NAME = "$(TARGET_NAME)";
				SWIFT_VERSION = 4.2;
				TARGETED_DEVICE_FAMILY = "1,2";
			};
			name = Release;
		};
/* End XCBuildConfiguration section */

/* Begin XCConfigurationList section */
		149BE8DE22A305380091A1F3 /* Build configuration list for PBXProject "Photo Analyzer" */ = {
			isa = XCConfigurationList;
			buildConfigurations = (
				149BE8F322A3053A0091A1F3 /* Debug */,
				149BE8F422A3053A0091A1F3 /* Release */,
			);
			defaultConfigurationIsVisible = 0;
			defaultConfigurationName = Release;
		};
		149BE8F522A3053A0091A1F3 /* Build configuration list for PBXNativeTarget "Photo Analyzer" */ = {
			isa = XCConfigurationList;
			buildConfigurations = (
				149BE8F622A3053A0091A1F3 /* Debug */,
				149BE8F722A3053A0091A1F3 /* Release */,
			);
			defaultConfigurationIsVisible = 0;
			defaultConfigurationName = Release;
		};
/* End XCConfigurationList section */
	};
	rootObject = 149BE8DB22A305380091A1F3 /* Project object */;
}
